
Microsoft Visual Studio Solution File, Format Version 12.00
# Visual Studio Version 17
VisualStudioVersion = 17.0.31903.59
MinimumVisualStudioVersion = 10.0.40219.1
Project("{2150E333-8FDC-42A3-9474-1A3956D46DE8}") = "src", "src", "{182E3685-9361-43DE-B5D5-88BCD5DB9A77}"
EndProject
Project("{FAE04EC0-301F-11D3-BF4B-00C04F79EFBC}") = "DocxTemplate.Core", "src\DocxTemplate.Core\DocxTemplate.Core.csproj", "{1356E70A-47DF-4D87-BCE4-3A4FD6EB1CB2}"
EndProject
Project("{FAE04EC0-301F-11D3-BF4B-00C04F79EFBC}") = "DocxTemplate.Infrastructure", "src\DocxTemplate.Infrastructure\DocxTemplate.Infrastructure.csproj", "{0E523C1B-78D2-4A45-894A-BE623748E851}"
EndProject
Project("{2150E333-8FDC-42A3-9474-1A3956D46DE8}") = "tests", "tests", "{34A5FD6A-B4D5-4F9A-8388-1409A1F112F3}"
EndProject
Project("{FAE04EC0-301F-11D3-BF4B-00C04F79EFBC}") = "DocxTemplate.Core.Tests", "tests\DocxTemplate.Core.Tests\DocxTemplate.Core.Tests.csproj", "{F4CD1E99-D696-40BA-BDCD-7F4D84A3C127}"
EndProject
Project("{FAE04EC0-301F-11D3-BF4B-00C04F79EFBC}") = "DocxTemplate.Infrastructure.Tests", "tests\DocxTemplate.Infrastructure.Tests\DocxTemplate.Infrastructure.Tests.csproj", "{FC04456A-048A-471C-A513-5F70E120F7C7}"
EndProject
Project("{2150E333-8FDC-42A3-9474-1A3956D46DE8}") = "benchmarks", "benchmarks", "{05663F0B-EA4F-41F0-A87C-7BFA375621C0}"
EndProject
Project("{FAE04EC0-301F-11D3-BF4B-00C04F79EFBC}") = "DocxTemplate.Benchmarks", "benchmarks\DocxTemplate.Benchmarks\DocxTemplate.Benchmarks.csproj", "{C306A522-2850-4F42-8D85-E2DF85BBFDA1}"
EndProject
Project("{FAE04EC0-301F-11D3-BF4B-00C04F79EFBC}") = "DocxTemplate.TestUtilities", "tests\DocxTemplate.TestUtilities\DocxTemplate.TestUtilities.csproj", "{CB23FD77-80E5-499A-AD98-72F61A2A01A5}"
EndProject
Project("{FAE04EC0-301F-11D3-BF4B-00C04F79EFBC}") = "DocxTemplate.EndToEnd.Tests", "tests\DocxTemplate.EndToEnd.Tests\DocxTemplate.EndToEnd.Tests.csproj", "{D62D6C06-F788-4816-9DBB-2E55461C9809}"
EndProject
Project("{FAE04EC0-301F-11D3-BF4B-00C04F79EFBC}") = "DocxTemplate.UI", "src\DocxTemplate.UI\DocxTemplate.UI.csproj", "{CF269D2A-8240-424C-BAD3-B53E21D6CD23}"
EndProject
Project("{FAE04EC0-301F-11D3-BF4B-00C04F79EFBC}") = "DocxTemplate.UI.Tests", "tests\DocxTemplate.UI.Tests\DocxTemplate.UI.Tests.csproj", "{65F72466-A822-4FE3-8936-1244B30E8C21}"
EndProject
Global
	GlobalSection(SolutionConfigurationPlatforms) = preSolution
		Debug|Any CPU = Debug|Any CPU
		Release|Any CPU = Release|Any CPU
	EndGlobalSection
	GlobalSection(SolutionProperties) = preSolution
		HideSolutionNode = FALSE
	EndGlobalSection
	GlobalSection(ProjectConfigurationPlatforms) = postSolution
		{1356E70A-47DF-4D87-BCE4-3A4FD6EB1CB2}.Debug|Any CPU.ActiveCfg = Debug|Any CPU
		{1356E70A-47DF-4D87-BCE4-3A4FD6EB1CB2}.Debug|Any CPU.Build.0 = Debug|Any CPU
		{1356E70A-47DF-4D87-BCE4-3A4FD6EB1CB2}.Release|Any CPU.ActiveCfg = Release|Any CPU
		{1356E70A-47DF-4D87-BCE4-3A4FD6EB1CB2}.Release|Any CPU.Build.0 = Release|Any CPU
		{0E523C1B-78D2-4A45-894A-BE623748E851}.Debug|Any CPU.ActiveCfg = Debug|Any CPU
		{0E523C1B-78D2-4A45-894A-BE623748E851}.Debug|Any CPU.Build.0 = Debug|Any CPU
		{0E523C1B-78D2-4A45-894A-BE623748E851}.Release|Any CPU.ActiveCfg = Release|Any CPU
		{0E523C1B-78D2-4A45-894A-BE623748E851}.Release|Any CPU.Build.0 = Release|Any CPU
		{F4CD1E99-D696-40BA-BDCD-7F4D84A3C127}.Debug|Any CPU.ActiveCfg = Debug|Any CPU
		{F4CD1E99-D696-40BA-BDCD-7F4D84A3C127}.Debug|Any CPU.Build.0 = Debug|Any CPU
		{F4CD1E99-D696-40BA-BDCD-7F4D84A3C127}.Release|Any CPU.ActiveCfg = Release|Any CPU
		{F4CD1E99-D696-40BA-BDCD-7F4D84A3C127}.Release|Any CPU.Build.0 = Release|Any CPU
		{FC04456A-048A-471C-A513-5F70E120F7C7}.Debug|Any CPU.ActiveCfg = Debug|Any CPU
		{FC04456A-048A-471C-A513-5F70E120F7C7}.Debug|Any CPU.Build.0 = Debug|Any CPU
		{FC04456A-048A-471C-A513-5F70E120F7C7}.Release|Any CPU.ActiveCfg = Release|Any CPU
		{FC04456A-048A-471C-A513-5F70E120F7C7}.Release|Any CPU.Build.0 = Release|Any CPU
		{C306A522-2850-4F42-8D85-E2DF85BBFDA1}.Debug|Any CPU.ActiveCfg = Debug|Any CPU
		{C306A522-2850-4F42-8D85-E2DF85BBFDA1}.Debug|Any CPU.Build.0 = Debug|Any CPU
		{C306A522-2850-4F42-8D85-E2DF85BBFDA1}.Release|Any CPU.ActiveCfg = Release|Any CPU
		{C306A522-2850-4F42-8D85-E2DF85BBFDA1}.Release|Any CPU.Build.0 = Release|Any CPU
		{CB23FD77-80E5-499A-AD98-72F61A2A01A5}.Debug|Any CPU.ActiveCfg = Debug|Any CPU
		{CB23FD77-80E5-499A-AD98-72F61A2A01A5}.Debug|Any CPU.Build.0 = Debug|Any CPU
		{CB23FD77-80E5-499A-AD98-72F61A2A01A5}.Release|Any CPU.ActiveCfg = Release|Any CPU
		{CB23FD77-80E5-499A-AD98-72F61A2A01A5}.Release|Any CPU.Build.0 = Release|Any CPU
		{D62D6C06-F788-4816-9DBB-2E55461C9809}.Debug|Any CPU.ActiveCfg = Debug|Any CPU
		{D62D6C06-F788-4816-9DBB-2E55461C9809}.Debug|Any CPU.Build.0 = Debug|Any CPU
		{D62D6C06-F788-4816-9DBB-2E55461C9809}.Release|Any CPU.ActiveCfg = Release|Any CPU
		{D62D6C06-F788-4816-9DBB-2E55461C9809}.Release|Any CPU.Build.0 = Release|Any CPU
		{CF269D2A-8240-424C-BAD3-B53E21D6CD23}.Debug|Any CPU.ActiveCfg = Debug|Any CPU
		{CF269D2A-8240-424C-BAD3-B53E21D6CD23}.Debug|Any CPU.Build.0 = Debug|Any CPU
		{CF269D2A-8240-424C-BAD3-B53E21D6CD23}.Release|Any CPU.ActiveCfg = Release|Any CPU
		{CF269D2A-8240-424C-BAD3-B53E21D6CD23}.Release|Any CPU.Build.0 = Release|Any CPU
		{65F72466-A822-4FE3-8936-1244B30E8C21}.Debug|Any CPU.ActiveCfg = Debug|Any CPU
		{65F72466-A822-4FE3-8936-1244B30E8C21}.Debug|Any CPU.Build.0 = Debug|Any CPU
		{65F72466-A822-4FE3-8936-1244B30E8C21}.Release|Any CPU.ActiveCfg = Release|Any CPU
		{65F72466-A822-4FE3-8936-1244B30E8C21}.Release|Any CPU.Build.0 = Release|Any CPU
	EndGlobalSection
	GlobalSection(NestedProjects) = preSolution
		{1356E70A-47DF-4D87-BCE4-3A4FD6EB1CB2} = {182E3685-9361-43DE-B5D5-88BCD5DB9A77}
		{0E523C1B-78D2-4A45-894A-BE623748E851} = {182E3685-9361-43DE-B5D5-88BCD5DB9A77}
		{F4CD1E99-D696-40BA-BDCD-7F4D84A3C127} = {34A5FD6A-B4D5-4F9A-8388-1409A1F112F3}
		{FC04456A-048A-471C-A513-5F70E120F7C7} = {34A5FD6A-B4D5-4F9A-8388-1409A1F112F3}
		{C306A522-2850-4F42-8D85-E2DF85BBFDA1} = {05663F0B-EA4F-41F0-A87C-7BFA375621C0}
		{CB23FD77-80E5-499A-AD98-72F61A2A01A5} = {34A5FD6A-B4D5-4F9A-8388-1409A1F112F3}
		{D62D6C06-F788-4816-9DBB-2E55461C9809} = {34A5FD6A-B4D5-4F9A-8388-1409A1F112F3}
		{CF269D2A-8240-424C-BAD3-B53E21D6CD23} = {182E3685-9361-43DE-B5D5-88BCD5DB9A77}
		{65F72466-A822-4FE3-8936-1244B30E8C21} = {34A5FD6A-B4D5-4F9A-8388-1409A1F112F3}
	EndGlobalSection
EndGlobal
